# This file was autogenerated by uv via the following command:
#    uv pip compile --python .venv-train-rl/bin/python configs/agent-rl-requirements.in -o configs/agent-rl-requirements.lock
-e ./vendor/transferqueue-agent-rl
    # via -r configs/agent-rl-requirements.in
-e ./vendor/verl-agent-rl
    # via -r configs/agent-rl-requirements.in
absl-py==2.5.0
    # via tensorboard
accelerate==1.13.0
    # via
    #   -r configs/agent-rl-requirements.in
    #   peft
    #   verl
agent-detector==2.0.0
    # via fastapi-cloud-cli
aiohappyeyeballs==2.7.1
    # via aiohttp
aiohttp==3.14.3
    # via
    #   aiohttp-cors
    #   fsspec
    #   ray
    #   vllm
aiohttp-cors==0.8.1
    # via ray
aiosignal==1.4.0
    # via aiohttp
annotated-doc==0.0.5
    # via
    #   fastapi
    #   typer
annotated-types==0.8.0
    # via pydantic
anthropic==1.4.0
    # via vllm
antlr4-python3-runtime==4.9.3
    # via
    #   hydra-core
    #   omegaconf
anyio==4.15.1
    # via
    #   anthropic
    #   httpx
    #   httpx2
    #   mcp
    #   openai
    #   sse-starlette
    #   starlette
    #   watchfiles
apache-tvm-ffi==0.1.13.post3
    # via
    #   flashinfer-python
    #   quack-kernels
    #   xgrammar
astor==0.8.1
    # via depyf
attrs==26.1.0
    # via
    #   aiohttp
    #   jsonschema
    #   referencing
blake3==1.0.9
    # via vllm
cachetools==7.1.8
    # via vllm
cbor2==6.1.4
    # via vllm
certifi==2026.7.22
    # via
    #   httpcore
    #   httpx
    #   requests
    #   sentry-sdk
cffi==2.1.1
    # via cryptography
charset-normalizer==3.5.1
    # via requests
click==8.5.0
    # via
    #   flashinfer-python
    #   huggingface-hub
    #   ray
    #   rich-toolkit
    #   uvicorn
    #   wandb
cloudpickle==3.1.2
    # via
    #   tensordict
    #   vllm
codetiming==1.4.0
    # via verl
colorful==0.5.8
    # via ray
compressed-tensors==0.15.0.1
    # via vllm
cryptography==50.0.1
    # via
    #   google-auth
    #   pyjwt
cuda-bindings==12.9.4
    # via
    #   cuda-python
    #   torch
cuda-pathfinder==1.8.1
    # via cuda-bindings
cuda-python==12.9.4
    # via
    #   nvidia-cutlass-dsl-libs-base
    #   nvidia-cutlass-dsl-libs-core
    #   nvidia-cutlass-dsl-libs-cu12
datasets==4.8.2
    # via
    #   -r configs/agent-rl-requirements.in
    #   verl
depyf==0.20.0
    # via vllm
detect-installer==0.2.1
    # via fastapi-cloud-cli
dill==0.4.1
    # via
    #   datasets
    #   depyf
    #   multiprocess
    #   verl
diskcache==5.6.3
    # via vllm
distlib==0.4.3
    # via virtualenv
dnspython==2.8.0
    # via email-validator
docstring-parser==0.18.0
    # via anthropic
einops==0.8.2
    # via
    #   flashinfer-python
    #   quack-kernels
    #   vllm
email-validator==2.3.0
    # via
    #   fastapi
    #   pydantic
fastapi==0.141.1
    # via
    #   model-hosting-container-standards
    #   vllm
fastapi-cli==0.0.32
    # via fastapi
fastapi-cloud-cli==0.25.0
    # via fastapi-cli
fastar==0.12.0
    # via
    #   fastapi
    #   fastapi-cloud-cli
filelock==3.32.6
    # via
    #   datasets
    #   huggingface-hub
    #   python-discovery
    #   ray
    #   torch
    #   virtualenv
    #   vllm
flashinfer-cubin==0.6.6
    # via vllm
flashinfer-python==0.6.6
    # via vllm
frozenlist==1.8.0
    # via
    #   aiohttp
    #   aiosignal
fsspec==2026.2.0
    # via
    #   datasets
    #   huggingface-hub
    #   torch
gguf==0.19.0
    # via vllm
google-api-core==2.36.0
    # via opencensus
google-auth==2.57.1
    # via google-api-core
googleapis-common-protos==1.75.3
    # via
    #   google-api-core
    #   opentelemetry-exporter-otlp-proto-grpc
    #   opentelemetry-exporter-otlp-proto-http
grpcio==1.83.1
    # via
    #   opentelemetry-exporter-otlp-proto-grpc
    #   ray
    #   tensorboard
h11==0.16.0
    # via
    #   httpcore
    #   httpcore2
    #   uvicorn
hf-xet==1.6.0
    # via huggingface-hub
httpcore==1.0.9
    # via httpx
httpcore2==2.12.0
    # via httpx2
httptools==0.8.0
    # via uvicorn
httpx==0.28.1
    # via
    #   datasets
    #   fastapi
    #   fastapi-cloud-cli
    #   huggingface-hub
    #   model-hosting-container-standards
httpx2==2.12.0
    # via
    #   anthropic
    #   mcp
    #   openai
huggingface-hub==1.30.0
    # via
    #   accelerate
    #   datasets
    #   peft
    #   tokenizers
    #   transformers
hydra-core==1.3.2
    # via
    #   -r configs/agent-rl-requirements.in
    #   transferqueue
    #   verl
idna==3.19
    # via
    #   anyio
    #   email-validator
    #   httpx
    #   httpx2
    #   requests
    #   yarl
ijson==3.5.1
    # via vllm
importlib-metadata==9.0.1
    # via tensordict
iniconfig==2.3.0
    # via pytest
interegular==0.3.3
    # via lm-format-enforcer
jinja2==3.1.6
    # via
    #   fastapi
    #   torch
jiter==0.16.0
    # via
    #   anthropic
    #   openai
jmespath==1.1.0
    # via model-hosting-container-standards
jsonschema==4.26.0
    # via
    #   mcp
    #   mistral-common
    #   ray
jsonschema-specifications==2025.9.1
    # via jsonschema
lark==1.2.2
    # via vllm
llguidance==1.3.0
    # via vllm
llvmlite==0.44.0
    # via numba
lm-format-enforcer==0.11.3
    # via vllm
loguru==0.7.3
    # via compressed-tensors
markdown==3.10.3
    # via tensorboard
markdown-it-py==4.2.0
    # via rich
markupsafe==3.0.3
    # via
    #   jinja2
    #   werkzeug
mcp==2.2.0
    # via vllm
mcp-types==2.2.0
    # via mcp
mdurl==0.1.2
    # via markdown-it-py
mistral-common==1.11.7
    # via vllm
model-hosting-container-standards==0.1.16
    # via vllm
mpmath==1.3.0
    # via sympy
msgpack==1.2.2
    # via ray
msgspec==0.21.1
    # via
    #   transferqueue
    #   vllm
multidict==6.7.1
    # via
    #   aiohttp
    #   yarl
multiprocess==0.70.19
    # via datasets
networkx==3.6.1
    # via torch
ninja==1.13.2
    # via
    #   flashinfer-python
    #   vllm
numba==0.61.2
    # via vllm
numpy==2.2.6
    # via
    #   -r configs/agent-rl-requirements.in
    #   accelerate
    #   datasets
    #   flashinfer-python
    #   gguf
    #   mistral-common
    #   numba
    #   nvidia-cutlass-dsl-libs-base
    #   nvidia-cutlass-dsl-libs-core
    #   nvidia-cutlass-dsl-libs-cu12
    #   opencv-python-headless
    #   pandas
    #   peft
    #   tensorboard
    #   tensordict
    #   torchvision
    #   transferqueue
    #   transformers
    #   verl
    #   vllm
    #   xgrammar
nvidia-cublas-cu12==12.9.1.4
    # via
    #   nvidia-cudnn-cu12
    #   nvidia-cusolver-cu12
    #   torch
nvidia-cuda-cupti-cu12==12.9.79
    # via torch
nvidia-cuda-nvdisasm==13.3.73
    # via
    #   nvidia-cutlass-dsl-libs-base
    #   nvidia-cutlass-dsl-libs-core
    #   nvidia-cutlass-dsl-libs-cu12
nvidia-cuda-nvrtc-cu12==12.9.86
    # via torch
nvidia-cuda-runtime-cu12==12.9.79
    # via torch
nvidia-cudnn-cu12==9.10.2.21
    # via torch
nvidia-cudnn-frontend==1.18.0
    # via
    #   flashinfer-python
    #   vllm
nvidia-cufft-cu12==11.4.1.4
    # via torch
nvidia-cufile-cu12==1.14.1.1
    # via torch
nvidia-curand-cu12==10.3.10.19
    # via torch
nvidia-cusolver-cu12==11.7.5.82
    # via torch
nvidia-cusparse-cu12==12.5.10.65
    # via
    #   nvidia-cusolver-cu12
    #   torch
nvidia-cusparselt-cu12==0.7.1
    # via torch
nvidia-cutlass-dsl==4.6.2
    # via
    #   flashinfer-python
    #   quack-kernels
    #   vllm
nvidia-cutlass-dsl-libs-base==4.6.2
    # via
    #   nvidia-cutlass-dsl
    #   nvidia-cutlass-dsl-libs-cu12
nvidia-cutlass-dsl-libs-core==4.6.2
    # via nvidia-cutlass-dsl-libs-base
nvidia-cutlass-dsl-libs-cu12==4.6.2
    # via nvidia-cutlass-dsl
nvidia-ml-py==13.610.43
    # via flashinfer-python
nvidia-nccl-cu12==2.27.5
    # via torch
nvidia-nvjitlink-cu12==12.9.86
    # via
    #   nvidia-cufft-cu12
    #   nvidia-cusolver-cu12
    #   nvidia-cusparse-cu12
    #   torch
nvidia-nvshmem-cu12==3.4.5
    # via torch
nvidia-nvtx-cu12==12.9.79
    # via torch
omegaconf==2.3.1
    # via
    #   hydra-core
    #   transferqueue
openai==3.10.0
    # via vllm
openai-harmony==0.0.8
    # via vllm
opencensus==0.11.4
    # via ray
opencensus-context==0.1.3
    # via opencensus
opencv-python-headless==4.13.0.92
    # via
    #   -r configs/agent-rl-requirements.in
    #   mistral-common
    #   vllm
opentelemetry-api==1.44.0
    # via
    #   google-api-core
    #   mcp
    #   opentelemetry-exporter-otlp-proto-grpc
    #   opentelemetry-exporter-otlp-proto-http
    #   opentelemetry-exporter-prometheus
    #   opentelemetry-sdk
    #   opentelemetry-semantic-conventions
    #   vllm
    #   wandb
opentelemetry-exporter-otlp==1.44.0
    # via vllm
opentelemetry-exporter-otlp-proto-common==1.44.0
    # via
    #   opentelemetry-exporter-otlp-proto-grpc
    #   opentelemetry-exporter-otlp-proto-http
opentelemetry-exporter-otlp-proto-grpc==1.44.0
    # via opentelemetry-exporter-otlp
opentelemetry-exporter-otlp-proto-http==1.44.0
    # via
    #   opentelemetry-exporter-otlp
    #   wandb
opentelemetry-exporter-prometheus==0.65b0
    # via ray
opentelemetry-proto==1.44.0
    # via
    #   opentelemetry-exporter-otlp-proto-common
    #   opentelemetry-exporter-otlp-proto-grpc
    #   opentelemetry-exporter-otlp-proto-http
    #   ray
opentelemetry-sdk==1.44.0
    # via
    #   opentelemetry-exporter-otlp-proto-grpc
    #   opentelemetry-exporter-otlp-proto-http
    #   opentelemetry-exporter-prometheus
    #   opentelemetry-semantic-conventions-ai
    #   ray
    #   vllm
    #   wandb
opentelemetry-semantic-conventions==0.65b0
    # via
    #   opentelemetry-sdk
    #   opentelemetry-semantic-conventions-ai
opentelemetry-semantic-conventions-ai==0.5.1
    # via vllm
orjson==3.12.0
    # via tensordict
outlines-core==0.2.11
    # via vllm
packaging==25.0
    # via
    #   accelerate
    #   datasets
    #   flashinfer-python
    #   huggingface-hub
    #   hydra-core
    #   lm-format-enforcer
    #   peft
    #   pytest
    #   pyvers
    #   ray
    #   tensorboard
    #   tensordict
    #   transformers
    #   verl
    #   wandb
pandas==3.0.5
    # via
    #   datasets
    #   verl
partial-json-parser==0.2.1.1.post7
    # via vllm
peft==0.18.1
    # via
    #   -r configs/agent-rl-requirements.in
    #   verl
pillow==12.3.0
    # via
    #   mistral-common
    #   tensorboard
    #   torchvision
    #   vllm
platformdirs==4.11.8
    # via
    #   virtualenv
    #   wandb
pluggy==1.6.0
    # via pytest
prometheus-client==0.26.0
    # via
    #   opentelemetry-exporter-prometheus
    #   prometheus-fastapi-instrumentator
    #   ray
    #   transferqueue
    #   vllm
prometheus-fastapi-instrumentator==8.1.0
    # via vllm
propcache==0.5.2
    # via
    #   aiohttp
    #   yarl
proto-plus==1.28.4
    # via google-api-core
protobuf==6.33.6
    # via
    #   google-api-core
    #   googleapis-common-protos
    #   nvidia-cutlass-dsl-libs-base
    #   nvidia-cutlass-dsl-libs-core
    #   nvidia-cutlass-dsl-libs-cu12
    #   opentelemetry-proto
    #   proto-plus
    #   ray
    #   tensorboard
    #   vllm
    #   wandb
psutil==7.2.2
    # via
    #   accelerate
    #   peft
    #   transferqueue
    #   vllm
py-cpuinfo==9.0.0
    # via vllm
py-spy==0.4.2
    # via ray
pyarrow==23.0.1
    # via
    #   -r configs/agent-rl-requirements.in
    #   datasets
    #   verl
pyasn1==0.6.4
    # via pyasn1-modules
pyasn1-modules==0.4.2
    # via google-auth
pybase64==1.5.0
    # via vllm
pybind11==3.1.0
    # via verl
pycountry==26.2.16
    # via pydantic-extra-types
pycparser==3.0
    # via cffi
pydantic==2.13.5
    # via
    #   anthropic
    #   compressed-tensors
    #   fastapi
    #   fastapi-cloud-cli
    #   lm-format-enforcer
    #   mcp
    #   mcp-types
    #   mistral-common
    #   model-hosting-container-standards
    #   openai
    #   openai-harmony
    #   pydantic-extra-types
    #   pydantic-settings
    #   ray
    #   vllm
    #   wandb
    #   xgrammar
pydantic-core==2.46.5
    # via pydantic
pydantic-extra-types==2.11.1
    # via
    #   fastapi
    #   mistral-common
pydantic-settings==2.15.0
    # via fastapi
pygments==2.21.0
    # via
    #   pytest
    #   rich
pyjwt==2.13.0
    # via mcp
pylatexenc==2.11
    # via verl
pytest==8.4.2
    # via -r configs/agent-rl-requirements.in
python-dateutil==2.9.0.post0
    # via pandas
python-discovery==1.6.0
    # via virtualenv
python-dotenv==1.2.3
    # via
    #   pydantic-settings
    #   uvicorn
python-json-logger==4.2.0
    # via vllm
python-multipart==0.0.32
    # via
    #   fastapi
    #   mcp
pyvers==0.1.0
    # via tensordict
pyyaml==6.0.3
    # via
    #   accelerate
    #   datasets
    #   gguf
    #   huggingface-hub
    #   lm-format-enforcer
    #   omegaconf
    #   peft
    #   ray
    #   transformers
    #   uvicorn
    #   vllm
    #   wandb
pyzmq==27.2.0
    # via
    #   transferqueue
    #   vllm
quack-kernels==0.6.4
    # via vllm
ray==2.55.1
    # via
    #   -r configs/agent-rl-requirements.in
    #   transferqueue
    #   verl
referencing==0.37.0
    # via
    #   jsonschema
    #   jsonschema-specifications
regex==2026.9.3
    # via
    #   tiktoken
    #   transformers
    #   vllm
requests==2.34.2
    # via
    #   datasets
    #   flashinfer-python
    #   gguf
    #   google-api-core
    #   mistral-common
    #   opentelemetry-exporter-otlp-proto-http
    #   ray
    #   tiktoken
    #   torchdata
    #   vllm
    #   wandb
rich==15.0.0
    # via
    #   rich-toolkit
    #   typer
rich-toolkit==0.20.5
    # via
    #   fastapi-cli
    #   fastapi-cloud-cli
rignore==0.8.1
    # via fastapi-cloud-cli
rpds-py==2026.6.3
    # via
    #   jsonschema
    #   referencing
safetensors==0.8.0
    # via
    #   accelerate
    #   peft
    #   transformers
sentencepiece==0.2.2
    # via vllm
sentry-sdk==2.69.1
    # via fastapi-cloud-cli
setproctitle==1.3.7
    # via vllm
setuptools==80.10.2
    # via
    #   model-hosting-container-standards
    #   tensorboard
    #   torch
    #   vllm
shellingham==1.5.4
    # via typer
six==1.17.0
    # via
    #   opencensus
    #   python-dateutil
    #   vllm
smart-open==8.0.1
    # via ray
sniffio==1.3.1
    # via
    #   anthropic
    #   openai
sse-starlette==3.4.11
    # via mcp
starlette==1.6.0
    # via
    #   fastapi
    #   mcp
    #   model-hosting-container-standards
    #   prometheus-fastapi-instrumentator
    #   sse-starlette
supervisor==4.3.0
    # via model-hosting-container-standards
sympy==1.14.0
    # via torch
tabulate==0.10.0
    # via flashinfer-python
tensorboard==2.21.0
    # via verl
tensorboard-data-server==0.7.2
    # via tensorboard
tensordict==0.10.0
    # via
    #   -r configs/agent-rl-requirements.in
    #   transferqueue
    #   verl
tiktoken==0.14.0
    # via
    #   mistral-common
    #   vllm
tokenizers==0.22.2
    # via
    #   transformers
    #   vllm
torch==2.10.0+cu129
    # via
    #   -r configs/agent-rl-requirements.in
    #   accelerate
    #   compressed-tensors
    #   flashinfer-python
    #   peft
    #   quack-kernels
    #   tensordict
    #   torch-c-dlpack-ext
    #   torchaudio
    #   torchdata
    #   torchvision
    #   vllm
    #   xgrammar
torch-c-dlpack-ext==0.1.5
    # via quack-kernels
torchaudio==2.10.0+cu129
    # via
    #   -r configs/agent-rl-requirements.in
    #   vllm
torchdata==0.11.0
    # via verl
torchvision==0.25.0+cu129
    # via
    #   -r configs/agent-rl-requirements.in
    #   vllm
tqdm==4.70.0
    # via
    #   datasets
    #   flashinfer-python
    #   gguf
    #   huggingface-hub
    #   peft
    #   transformers
    #   vllm
transformers==5.5.4
    # via
    #   -r configs/agent-rl-requirements.in
    #   compressed-tensors
    #   peft
    #   verl
    #   vllm
    #   xgrammar
triton==3.6.0
    # via
    #   torch
    #   xgrammar
truststore==0.10.4
    # via
    #   httpcore2
    #   httpx2
typer==0.27.2
    # via
    #   fastapi-cli
    #   fastapi-cloud-cli
    #   transformers
typing-extensions==4.16.0
    # via
    #   aiohttp
    #   aiosignal
    #   anthropic
    #   anyio
    #   apache-tvm-ffi
    #   fastapi
    #   grpcio
    #   httpx2
    #   huggingface-hub
    #   mcp
    #   mcp-types
    #   mistral-common
    #   nvidia-cutlass-dsl-libs-base
    #   nvidia-cutlass-dsl-libs-core
    #   nvidia-cutlass-dsl-libs-cu12
    #   openai
    #   opentelemetry-api
    #   opentelemetry-exporter-otlp-proto-grpc
    #   opentelemetry-exporter-otlp-proto-http
    #   opentelemetry-sdk
    #   opentelemetry-semantic-conventions
    #   pydantic
    #   pydantic-core
    #   pydantic-extra-types
    #   referencing
    #   rich-toolkit
    #   starlette
    #   torch
    #   typing-inspection
    #   vllm
    #   wandb
    #   xgrammar
typing-inspection==0.4.4
    # via
    #   fastapi
    #   mcp
    #   pydantic
    #   pydantic-settings
urllib3==2.7.0
    # via
    #   requests
    #   sentry-sdk
    #   torchdata
uvicorn==0.52.4
    # via
    #   fastapi
    #   fastapi-cli
    #   fastapi-cloud-cli
    #   mcp
uvloop==0.22.1
    # via uvicorn
virtualenv==21.7.9
    # via ray
vllm==0.19.1
    # via -r configs/agent-rl-requirements.in
wandb==0.30.0
    # via verl
watchfiles==1.2.0
    # via
    #   uvicorn
    #   vllm
websockets==17.1
    # via uvicorn
werkzeug==3.1.8
    # via tensorboard
wrapt==2.4.0
    # via smart-open
xgrammar==0.2.6
    # via vllm
xxhash==4.0.1
    # via
    #   datasets
    #   wandb
yarl==1.24.5
    # via aiohttp
zipp==4.1.0
    # via importlib-metadata
